<?xml version="1.0" encoding="utf-8"?>
<Project ToolsVersion="4.0" xmlns="http://schemas.microsoft.com/developer/msbuild/2003">
  <ItemGroup>
    <Filter Include="Header Files">
      <UniqueIdentifier>{364a961c-bbdd-478f-b6fe-075ca89d14c3}</UniqueIdentifier>
      <Extensions>.h</Extensions>
    </Filter>
    <Filter Include="Source Files">
      <UniqueIdentifier>{b8cee3ba-dd8f-476b-8036-6adb2375af6e}</UniqueIdentifier>
      <Extensions>.cpp, .c</Extensions>
    </Filter>
    <Filter Include="Resource Files">
      <UniqueIdentifier>{b149bf27-ba2e-45cd-8b8a-61b4a3739eab}</UniqueIdentifier>
      <Extensions>ico;cur;bmp;dlg;rc2;rct;bin;rgs;gif;jpg;jpeg;jpe</Extensions>
    </Filter>
  </ItemGroup>
  <ItemGroup>
    <ClInclude Include="SampleCGB.h">
      <Filter>Header Files</Filter>
    </ClInclude>
    <ClInclude Include="amcap.h">
      <Filter>Header Files</Filter>
    </ClInclude>
    <ClInclude Include="crossbar.h">
      <Filter>Header Files</Filter>
    </ClInclude>
    <ClInclude Include="status.h">
      <Filter>Header Files</Filter>
    </ClInclude>
    <ClInclude Include="stdafx.h">
      <Filter>Header Files</Filter>
    </ClInclude>
  </ItemGroup>
  <ItemGroup>
    <ClCompile Include="SampleCGB.cpp">
      <Filter>Source Files</Filter>
    </ClCompile>
    <ClCompile Include="amcap.cpp">
      <Filter>Source Files</Filter>
    </ClCompile>
    <ClCompile Include="crossbar.cpp">
      <Filter>Source Files</Filter>
    </ClCompile>
    <ClCompile Include="status.cpp">
      <Filter>Source Files</Filter>
    </ClCompile>
    <ClCompile Include="stdafx.cpp">
      <Filter>Source Files</Filter>
    </ClCompile>
  </ItemGroup>
  <ItemGroup>
    <Image Include="amcap.ico">
      <Filter>Resource Files</Filter>
    </Image>
  </ItemGroup>
  <ItemGroup>
    <ResourceCompile Include="amcap.rc">
      <Filter>Resource Files</Filter>
    </ResourceCompile>
  </ItemGroup>
</Project>